
Microsoft Visual Studio Solution File, Format Version 12.00
# Visual Studio 2012
Project("{FAE04EC0-301F-11D3-BF4B-00C04F79EFBC}") = "UXRiskLogger", "UXRiskLogger\UXRiskLogger.csproj", "{6C48D2ED-6DB3-4BC1-8A25-264DBE8401D9}"
EndProject
Project("{FAE04EC0-301F-11D3-BF4B-00C04F79EFBC}") = "ConsoleLoggingDemo", "ConsoleLoggingDemo\ConsoleLoggingDemo.csproj", "{D2F8D69C-19BD-4CED-BD55-1A12B929E5E7}"
EndProject
Project("{FAE04EC0-301F-11D3-BF4B-00C04F79EFBC}") = "MvcAzureLoggingDemo", "MvcAzureLoggingDemo\MvcAzureLoggingDemo.csproj", "{5DA50AB8-DC4A-4FA1-9096-97930B4126A3}"
EndProject
Global
	GlobalSection(SolutionConfigurationPlatforms) = preSolution
		Debug|Any CPU = Debug|Any CPU
		Release|Any CPU = Release|Any CPU
	EndGlobalSection
	GlobalSection(ProjectConfigurationPlatforms) = postSolution
		{6C48D2ED-6DB3-4BC1-8A25-264DBE8401D9}.Debug|Any CPU.ActiveCfg = Debug|Any CPU
		{6C48D2ED-6DB3-4BC1-8A25-264DBE8401D9}.Debug|Any CPU.Build.0 = Debug|Any CPU
		{6C48D2ED-6DB3-4BC1-8A25-264DBE8401D9}.Release|Any CPU.ActiveCfg = Release|Any CPU
		{6C48D2ED-6DB3-4BC1-8A25-264DBE8401D9}.Release|Any CPU.Build.0 = Release|Any CPU
		{D2F8D69C-19BD-4CED-BD55-1A12B929E5E7}.Debug|Any CPU.ActiveCfg = Debug|Any CPU
		{D2F8D69C-19BD-4CED-BD55-1A12B929E5E7}.Debug|Any CPU.Build.0 = Debug|Any CPU
		{D2F8D69C-19BD-4CED-BD55-1A12B929E5E7}.Release|Any CPU.ActiveCfg = Release|Any CPU
		{D2F8D69C-19BD-4CED-BD55-1A12B929E5E7}.Release|Any CPU.Build.0 = Release|Any CPU
		{5DA50AB8-DC4A-4FA1-9096-97930B4126A3}.Debug|Any CPU.ActiveCfg = Debug|Any CPU
		{5DA50AB8-DC4A-4FA1-9096-97930B4126A3}.Debug|Any CPU.Build.0 = Debug|Any CPU
		{5DA50AB8-DC4A-4FA1-9096-97930B4126A3}.Release|Any CPU.ActiveCfg = Release|Any CPU
		{5DA50AB8-DC4A-4FA1-9096-97930B4126A3}.Release|Any CPU.Build.0 = Release|Any CPU
	EndGlobalSection
	GlobalSection(SolutionProperties) = preSolution
		HideSolutionNode = FALSE
	EndGlobalSection
EndGlobal
